{
  "name": "telegramr",
  "version": "1.0.0",
  "lockfileVersion": 1,
  "requires": true,
  "dependencies": {
    "office-ui-fabric-core": {
      "version": "5.0.1",
      "resolved": "https://registry.npmjs.org/office-ui-fabric-core/-/office-ui-fabric-core-5.0.1.tgz",
      "integrity": "sha1-9vJ+t5POymI2ZBmHe3OXDeSEHlI="
    },
    "office-ui-fabric-js": {
      "version": "1.5.0",
      "resolved": "https://registry.npmjs.org/office-ui-fabric-js/-/office-ui-fabric-js-1.5.0.tgz",
      "integrity": "sha1-13t3j3mmF4+EPddX5GOa4FcJ00A=",
      "requires": {
        "office-ui-fabric-core": "5.0.1"
      }
    }
  }
}
